
Microsoft Visual Studio Solution File, Format Version 12.00
# Visual Studio Version 17
VisualStudioVersion = 17.0.31903.59
MinimumVisualStudioVersion = 10.0.40219.1
Project("{888888A0-9F3D-457C-B088-3A5042F75D52}") = "PortsScanner", "PortsScanner\PortsScanner.pyproj", "{CA9C09AC-600C-4998-A1BB-9117F76D09E6}"
EndProject
Global
	GlobalSection(SolutionConfigurationPlatforms) = preSolution
		Debug|Any CPU = Debug|Any CPU
		Release|Any CPU = Release|Any CPU
	EndGlobalSection
	GlobalSection(ProjectConfigurationPlatforms) = postSolution
		{CA9C09AC-600C-4998-A1BB-9117F76D09E6}.Debug|Any CPU.ActiveCfg = Debug|Any CPU
		{CA9C09AC-600C-4998-A1BB-9117F76D09E6}.Release|Any CPU.ActiveCfg = Release|Any CPU
	EndGlobalSection
	GlobalSection(SolutionProperties) = preSolution
		HideSolutionNode = FALSE
	EndGlobalSection
	GlobalSection(ExtensibilityGlobals) = postSolution
		SolutionGuid = {41189EAA-FFAA-4202-B41D-408B31D60FD2}
	EndGlobalSection
EndGlobal
